
Microsoft Visual Studio Solution File, Format Version 12.00
# Visual Studio 2012
Project("{D954291E-2A0B-460D-934E-DC6B0785DB48}") = "Suncoast", "Suncoast\Suncoast.shproj", "{A07477E0-7E7B-4070-AFDE-0FE3C97BDCE4}"
EndProject
Project("{FAE04EC0-301F-11D3-BF4B-00C04F79EFBC}") = "Suncoast.iOS", "iOS\Suncoast.iOS.csproj", "{841F133A-7FAE-4949-AF72-6BCDD06F7807}"
EndProject
Project("{FAE04EC0-301F-11D3-BF4B-00C04F79EFBC}") = "Suncoast.Droid", "Droid\Suncoast.Droid.csproj", "{BED75D38-ECA5-47D8-A4C1-30919FC951BC}"
EndProject
Global
	GlobalSection(SolutionConfigurationPlatforms) = preSolution
		Debug|iPhoneSimulator = Debug|iPhoneSimulator
		Release|iPhone = Release|iPhone
		Release|iPhoneSimulator = Release|iPhoneSimulator
		Debug|iPhone = Debug|iPhone
		Debug|Any CPU = Debug|Any CPU
		Release|Any CPU = Release|Any CPU
	EndGlobalSection
	GlobalSection(ProjectConfigurationPlatforms) = postSolution
		{841F133A-7FAE-4949-AF72-6BCDD06F7807}.Debug|iPhoneSimulator.ActiveCfg = Debug|iPhoneSimulator
		{841F133A-7FAE-4949-AF72-6BCDD06F7807}.Debug|iPhoneSimulator.Build.0 = Debug|iPhoneSimulator
		{841F133A-7FAE-4949-AF72-6BCDD06F7807}.Release|iPhone.ActiveCfg = Release|iPhone
		{841F133A-7FAE-4949-AF72-6BCDD06F7807}.Release|iPhone.Build.0 = Release|iPhone
		{841F133A-7FAE-4949-AF72-6BCDD06F7807}.Release|iPhoneSimulator.ActiveCfg = Release|iPhoneSimulator
		{841F133A-7FAE-4949-AF72-6BCDD06F7807}.Release|iPhoneSimulator.Build.0 = Release|iPhoneSimulator
		{841F133A-7FAE-4949-AF72-6BCDD06F7807}.Debug|iPhone.ActiveCfg = Debug|iPhone
		{841F133A-7FAE-4949-AF72-6BCDD06F7807}.Debug|iPhone.Build.0 = Debug|iPhone
		{841F133A-7FAE-4949-AF72-6BCDD06F7807}.Debug|Any CPU.ActiveCfg = Debug|iPhoneSimulator
		{841F133A-7FAE-4949-AF72-6BCDD06F7807}.Debug|Any CPU.Build.0 = Debug|iPhoneSimulator
		{841F133A-7FAE-4949-AF72-6BCDD06F7807}.Release|Any CPU.ActiveCfg = Release|iPhone
		{841F133A-7FAE-4949-AF72-6BCDD06F7807}.Release|Any CPU.Build.0 = Release|iPhone
		{BED75D38-ECA5-47D8-A4C1-30919FC951BC}.Debug|iPhoneSimulator.ActiveCfg = Debug|Any CPU
		{BED75D38-ECA5-47D8-A4C1-30919FC951BC}.Debug|iPhoneSimulator.Build.0 = Debug|Any CPU
		{BED75D38-ECA5-47D8-A4C1-30919FC951BC}.Release|iPhone.ActiveCfg = Release|Any CPU
		{BED75D38-ECA5-47D8-A4C1-30919FC951BC}.Release|iPhone.Build.0 = Release|Any CPU
		{BED75D38-ECA5-47D8-A4C1-30919FC951BC}.Release|iPhoneSimulator.ActiveCfg = Release|Any CPU
		{BED75D38-ECA5-47D8-A4C1-30919FC951BC}.Release|iPhoneSimulator.Build.0 = Release|Any CPU
		{BED75D38-ECA5-47D8-A4C1-30919FC951BC}.Debug|iPhone.ActiveCfg = Debug|Any CPU
		{BED75D38-ECA5-47D8-A4C1-30919FC951BC}.Debug|iPhone.Build.0 = Debug|Any CPU
		{BED75D38-ECA5-47D8-A4C1-30919FC951BC}.Debug|Any CPU.ActiveCfg = Debug|Any CPU
		{BED75D38-ECA5-47D8-A4C1-30919FC951BC}.Debug|Any CPU.Build.0 = Debug|Any CPU
		{BED75D38-ECA5-47D8-A4C1-30919FC951BC}.Release|Any CPU.ActiveCfg = Release|Any CPU
		{BED75D38-ECA5-47D8-A4C1-30919FC951BC}.Release|Any CPU.Build.0 = Release|Any CPU
	EndGlobalSection
EndGlobal
